// !$*UTF8*$!
{
	archiveVersion = 1;
	classes = {
	};
	objectVersion = 46;
	objects = {

/* Begin PBXBuildFile section */
		3A0535D21B95022C0047E0A5 /* ConfirmAcceptRequest.swift in Sources */ = {isa = PBXBuildFile; fileRef = 3A0535D11B95022C0047E0A5 /* ConfirmAcceptRequest.swift */; };
		3A40DDA21A54C7DA0008D4A3 /* TimeRangeStart.swift in Sources */ = {isa = PBXBuildFile; fileRef = 3A40DDA11A54C7DA0008D4A3 /* TimeRangeStart.swift */; };
		3A40DDA41B9626F30008D4A3 /* TimeRangeEnd.swift in Sources */ = {isa = PBXBuildFile; fileRef = 3A40DDA31B9626F30008D4A3 /* TimeRangeEnd.swift */; };
		3A40DDA81B962D630008D4A3 /* CarNotDocked.swift in Sources */ = {isa = PBXBuildFile; fileRef = 3A40DDA71B962D630008D4A3 /* CarNotDocked.swift */; };
		3A40DDAC1B963C920008D4A3 /* SpotDetails.swift in Sources */ = {isa = PBXBuildFile; fileRef = 3A40DDAB1B963C920008D4A3 /* SpotDetails.swift */; };
		3A40DDB21B9641740008D4A3 /* ConfirmTimeRange.swift in Sources */ = {isa = PBXBuildFile; fileRef = 3A40DDB11B9641740008D4A3 /* ConfirmTimeRange.swift */; };
		3A40DDB61B9660480008D4A3 /* RequestDetails.swift in Sources */ = {isa = PBXBuildFile; fileRef = 3A40DDB51B9660480008D4A3 /* RequestDetails.swift */; };
		3A81908D1B8E2BC2003F1C7F /* AppDelegate.swift in Sources */ = {isa = PBXBuildFile; fileRef = 3A81908C1B8E2BC2003F1C7F /* AppDelegate.swift */; };
		3A81908F1B8E2BC2003F1C7F /* CarDocked.swift in Sources */ = {isa = PBXBuildFile; fileRef = 3A81908E1B8E2BC2003F1C7F /* CarDocked.swift */; };
		3A8190921B8E2BC2003F1C7F /* Main.storyboard in Resources */ = {isa = PBXBuildFile; fileRef = 3A8190901B8E2BC2003F1C7F /* Main.storyboard */; };
		3A8190941B8E2BC2003F1C7F /* Assets.xcassets in Resources */ = {isa = PBXBuildFile; fileRef = 3A8190931B8E2BC2003F1C7F /* Assets.xcassets */; };
		3A8190971B8E2BC2003F1C7F /* LaunchScreen.storyboard in Resources */ = {isa = PBXBuildFile; fileRef = 3A8190951B8E2BC2003F1C7F /* LaunchScreen.storyboard */; };
		3A8190A41B8E2C4C003F1C7F /* ChargingDetails.swift in Sources */ = {isa = PBXBuildFile; fileRef = 3A8190A21B8E2C4C003F1C7F /* ChargingDetails.swift */; };
		3A8190A51B8E2C4C003F1C7F /* ChargingDetails.xib in Resources */ = {isa = PBXBuildFile; fileRef = 3A8190A31B8E2C4C003F1C7F /* ChargingDetails.xib */; };
		3A8190A81B8E3316003F1C7F /* CarDetails.swift in Sources */ = {isa = PBXBuildFile; fileRef = 3A8190A61B8E3316003F1C7F /* CarDetails.swift */; };
		3A8190A91B8E3316003F1C7F /* CarDetails.xib in Resources */ = {isa = PBXBuildFile; fileRef = 3A8190A71B8E3316003F1C7F /* CarDetails.xib */; };
		3A9BC9501B97896E0032535D /* SignUpPageOne.swift in Sources */ = {isa = PBXBuildFile; fileRef = 3A9BC94F1B97896E0032535D /* SignUpPageOne.swift */; };
		3AABD3491B97A33600D92D36 /* SignUpPageTwo.swift in Sources */ = {isa = PBXBuildFile; fileRef = 3AABD3481B97A33600D92D36 /* SignUpPageTwo.swift */; };
		3AABD34B1B97AC3200D92D36 /* SignIn.swift in Sources */ = {isa = PBXBuildFile; fileRef = 3AABD34A1B97AC3200D92D36 /* SignIn.swift */; };
		840829851BA14E03001701AD /* Exchange.swift in Sources */ = {isa = PBXBuildFile; fileRef = 840829821BA14E03001701AD /* Exchange.swift */; settings = {ASSET_TAGS = (); }; };
		BF027BC41B9FFA7D00EA1443 /* Request.swift in Sources */ = {isa = PBXBuildFile; fileRef = BF027BC31B9FFA7D00EA1443 /* Request.swift */; settings = {ASSET_TAGS = (); }; };
		BF027BC61B9FFB5D00EA1443 /* Users.swift in Sources */ = {isa = PBXBuildFile; fileRef = BF027BC51B9FFB5D00EA1443 /* Users.swift */; settings = {ASSET_TAGS = (); }; };
		BF027BC81B9FFBA700EA1443 /* Car.swift in Sources */ = {isa = PBXBuildFile; fileRef = BF027BC71B9FFBA700EA1443 /* Car.swift */; settings = {ASSET_TAGS = (); }; };
		BF027BCA1B9FFBDA00EA1443 /* OccupiedSpace.swift in Sources */ = {isa = PBXBuildFile; fileRef = BF027BC91B9FFBDA00EA1443 /* OccupiedSpace.swift */; settings = {ASSET_TAGS = (); }; };
		BF027BCC1B9FFBF400EA1443 /* Station.swift in Sources */ = {isa = PBXBuildFile; fileRef = BF027BCB1B9FFBF400EA1443 /* Station.swift */; settings = {ASSET_TAGS = (); }; };
		BF027BD31B9FFD8500EA1443 /* Bolts.framework in Frameworks */ = {isa = PBXBuildFile; fileRef = BF027BD11B9FFD8500EA1443 /* Bolts.framework */; };
		BF027BD41B9FFD8500EA1443 /* Parse.framework in Frameworks */ = {isa = PBXBuildFile; fileRef = BF027BD21B9FFD8500EA1443 /* Parse.framework */; };
		BF027BD71B9FFF1600EA1443 /* AudioToolbox.framework in Frameworks */ = {isa = PBXBuildFile; fileRef = BF027BD51B9FFF1600EA1443 /* AudioToolbox.framework */; };
		BF027BD81B9FFF1600EA1443 /* CFNetwork.framework in Frameworks */ = {isa = PBXBuildFile; fileRef = BF027BD61B9FFF1600EA1443 /* CFNetwork.framework */; };
		BF027BDA1B9FFF2000EA1443 /* CoreGraphics.framework in Frameworks */ = {isa = PBXBuildFile; fileRef = BF027BD91B9FFF2000EA1443 /* CoreGraphics.framework */; };
		BF027BDC1B9FFF3000EA1443 /* CoreLocation.framework in Frameworks */ = {isa = PBXBuildFile; fileRef = BF027BDB1B9FFF3000EA1443 /* CoreLocation.framework */; };
		BF027BDE1B9FFF3900EA1443 /* QuartzCore.framework in Frameworks */ = {isa = PBXBuildFile; fileRef = BF027BDD1B9FFF3900EA1443 /* QuartzCore.framework */; };
		BF027BE01B9FFF4400EA1443 /* Security.framework in Frameworks */ = {isa = PBXBuildFile; fileRef = BF027BDF1B9FFF4400EA1443 /* Security.framework */; };
		BF027BE21B9FFF4D00EA1443 /* StoreKit.framework in Frameworks */ = {isa = PBXBuildFile; fileRef = BF027BE11B9FFF4D00EA1443 /* StoreKit.framework */; };
		BF027BE41B9FFF5800EA1443 /* SystemConfiguration.framework in Frameworks */ = {isa = PBXBuildFile; fileRef = BF027BE31B9FFF5800EA1443 /* SystemConfiguration.framework */; };
		BF027BE81BA0005B00EA1443 /* libz.1.dylib in Frameworks */ = {isa = PBXBuildFile; fileRef = BF027BE71BA0005B00EA1443 /* libz.1.dylib */; };
		BF027BEA1BA0007E00EA1443 /* libsqlite3.dylib in Frameworks */ = {isa = PBXBuildFile; fileRef = BF027BE91BA0007E00EA1443 /* libsqlite3.dylib */; };
		BF5921A81B9F634000AA72FF /* LoginCheck.swift in Sources */ = {isa = PBXBuildFile; fileRef = BF5921A71B9F634000AA72FF /* LoginCheck.swift */; settings = {ASSET_TAGS = (); }; };
/* End PBXBuildFile section */

/* Begin PBXFileReference section */
		3A0535D11B95022C0047E0A5 /* ConfirmAcceptRequest.swift */ = {isa = PBXFileReference; fileEncoding = 4; lastKnownFileType = sourcecode.swift; path = ConfirmAcceptRequest.swift; sourceTree = "<group>"; };
		3A40DDA11A54C7DA0008D4A3 /* TimeRangeStart.swift */ = {isa = PBXFileReference; fileEncoding = 4; lastKnownFileType = sourcecode.swift; path = TimeRangeStart.swift; sourceTree = "<group>"; };
		3A40DDA31B9626F30008D4A3 /* TimeRangeEnd.swift */ = {isa = PBXFileReference; fileEncoding = 4; lastKnownFileType = sourcecode.swift; path = TimeRangeEnd.swift; sourceTree = "<group>"; };
		3A40DDA71B962D630008D4A3 /* CarNotDocked.swift */ = {isa = PBXFileReference; fileEncoding = 4; lastKnownFileType = sourcecode.swift; path = CarNotDocked.swift; sourceTree = "<group>"; };
		3A40DDAB1B963C920008D4A3 /* SpotDetails.swift */ = {isa = PBXFileReference; fileEncoding = 4; lastKnownFileType = sourcecode.swift; path = SpotDetails.swift; sourceTree = "<group>"; };
		3A40DDB11B9641740008D4A3 /* ConfirmTimeRange.swift */ = {isa = PBXFileReference; fileEncoding = 4; lastKnownFileType = sourcecode.swift; path = ConfirmTimeRange.swift; sourceTree = "<group>"; };
		3A40DDB51B9660480008D4A3 /* RequestDetails.swift */ = {isa = PBXFileReference; fileEncoding = 4; lastKnownFileType = sourcecode.swift; path = RequestDetails.swift; sourceTree = "<group>"; };
		3A8190891B8E2BC2003F1C7F /* eVALET.app */ = {isa = PBXFileReference; explicitFileType = wrapper.application; includeInIndex = 0; path = eVALET.app; sourceTree = BUILT_PRODUCTS_DIR; };
		3A81908C1B8E2BC2003F1C7F /* AppDelegate.swift */ = {isa = PBXFileReference; lastKnownFileType = sourcecode.swift; path = AppDelegate.swift; sourceTree = "<group>"; };
		3A81908E1B8E2BC2003F1C7F /* CarDocked.swift */ = {isa = PBXFileReference; lastKnownFileType = sourcecode.swift; path = CarDocked.swift; sourceTree = "<group>"; };
		3A8190911B8E2BC2003F1C7F /* Base */ = {isa = PBXFileReference; lastKnownFileType = file.storyboard; name = Base; path = Base.lproj/Main.storyboard; sourceTree = "<group>"; };
		3A8190931B8E2BC2003F1C7F /* Assets.xcassets */ = {isa = PBXFileReference; lastKnownFileType = folder.assetcatalog; path = Assets.xcassets; sourceTree = "<group>"; };
		3A8190961B8E2BC2003F1C7F /* Base */ = {isa = PBXFileReference; lastKnownFileType = file.storyboard; name = Base; path = Base.lproj/LaunchScreen.storyboard; sourceTree = "<group>"; };
		3A8190981B8E2BC2003F1C7F /* Info.plist */ = {isa = PBXFileReference; lastKnownFileType = text.plist.xml; path = Info.plist; sourceTree = "<group>"; };
		3A8190A21B8E2C4C003F1C7F /* ChargingDetails.swift */ = {isa = PBXFileReference; fileEncoding = 4; lastKnownFileType = sourcecode.swift; path = ChargingDetails.swift; sourceTree = "<group>"; };
		3A8190A31B8E2C4C003F1C7F /* ChargingDetails.xib */ = {isa = PBXFileReference; fileEncoding = 4; lastKnownFileType = file.xib; path = ChargingDetails.xib; sourceTree = "<group>"; };
		3A8190A61B8E3316003F1C7F /* CarDetails.swift */ = {isa = PBXFileReference; fileEncoding = 4; lastKnownFileType = sourcecode.swift; path = CarDetails.swift; sourceTree = "<group>"; };
		3A8190A71B8E3316003F1C7F /* CarDetails.xib */ = {isa = PBXFileReference; fileEncoding = 4; lastKnownFileType = file.xib; path = CarDetails.xib; sourceTree = "<group>"; };
		3A9BC94F1B97896E0032535D /* SignUpPageOne.swift */ = {isa = PBXFileReference; fileEncoding = 4; lastKnownFileType = sourcecode.swift; path = SignUpPageOne.swift; sourceTree = "<group>"; };
		3AABD3481B97A33600D92D36 /* SignUpPageTwo.swift */ = {isa = PBXFileReference; fileEncoding = 4; lastKnownFileType = sourcecode.swift; path = SignUpPageTwo.swift; sourceTree = "<group>"; };
		3AABD34A1B97AC3200D92D36 /* SignIn.swift */ = {isa = PBXFileReference; fileEncoding = 4; lastKnownFileType = sourcecode.swift; path = SignIn.swift; sourceTree = "<group>"; };
		840829821BA14E03001701AD /* Exchange.swift */ = {isa = PBXFileReference; fileEncoding = 4; lastKnownFileType = sourcecode.swift; path = Exchange.swift; sourceTree = "<group>"; };
		BF027BC31B9FFA7D00EA1443 /* Request.swift */ = {isa = PBXFileReference; fileEncoding = 4; lastKnownFileType = sourcecode.swift; path = Request.swift; sourceTree = "<group>"; };
		BF027BC51B9FFB5D00EA1443 /* Users.swift */ = {isa = PBXFileReference; fileEncoding = 4; lastKnownFileType = sourcecode.swift; path = Users.swift; sourceTree = "<group>"; };
		BF027BC71B9FFBA700EA1443 /* Car.swift */ = {isa = PBXFileReference; fileEncoding = 4; lastKnownFileType = sourcecode.swift; path = Car.swift; sourceTree = "<group>"; };
		BF027BC91B9FFBDA00EA1443 /* OccupiedSpace.swift */ = {isa = PBXFileReference; fileEncoding = 4; lastKnownFileType = sourcecode.swift; path = OccupiedSpace.swift; sourceTree = "<group>"; };
		BF027BCB1B9FFBF400EA1443 /* Station.swift */ = {isa = PBXFileReference; fileEncoding = 4; lastKnownFileType = sourcecode.swift; path = Station.swift; sourceTree = "<group>"; };
		BF027BD11B9FFD8500EA1443 /* Bolts.framework */ = {isa = PBXFileReference; lastKnownFileType = wrapper.framework; path = Bolts.framework; sourceTree = "<group>"; };
		BF027BD21B9FFD8500EA1443 /* Parse.framework */ = {isa = PBXFileReference; lastKnownFileType = wrapper.framework; path = Parse.framework; sourceTree = "<group>"; };
		BF027BD51B9FFF1600EA1443 /* AudioToolbox.framework */ = {isa = PBXFileReference; lastKnownFileType = wrapper.framework; name = AudioToolbox.framework; path = System/Library/Frameworks/AudioToolbox.framework; sourceTree = SDKROOT; };
		BF027BD61B9FFF1600EA1443 /* CFNetwork.framework */ = {isa = PBXFileReference; lastKnownFileType = wrapper.framework; name = CFNetwork.framework; path = System/Library/Frameworks/CFNetwork.framework; sourceTree = SDKROOT; };
		BF027BD91B9FFF2000EA1443 /* CoreGraphics.framework */ = {isa = PBXFileReference; lastKnownFileType = wrapper.framework; name = CoreGraphics.framework; path = System/Library/Frameworks/CoreGraphics.framework; sourceTree = SDKROOT; };
		BF027BDB1B9FFF3000EA1443 /* CoreLocation.framework */ = {isa = PBXFileReference; lastKnownFileType = wrapper.framework; name = CoreLocation.framework; path = System/Library/Frameworks/CoreLocation.framework; sourceTree = SDKROOT; };
		BF027BDD1B9FFF3900EA1443 /* QuartzCore.framework */ = {isa = PBXFileReference; lastKnownFileType = wrapper.framework; name = QuartzCore.framework; path = System/Library/Frameworks/QuartzCore.framework; sourceTree = SDKROOT; };
		BF027BDF1B9FFF4400EA1443 /* Security.framework */ = {isa = PBXFileReference; lastKnownFileType = wrapper.framework; name = Security.framework; path = System/Library/Frameworks/Security.framework; sourceTree = SDKROOT; };
		BF027BE11B9FFF4D00EA1443 /* StoreKit.framework */ = {isa = PBXFileReference; lastKnownFileType = wrapper.framework; name = StoreKit.framework; path = System/Library/Frameworks/StoreKit.framework; sourceTree = SDKROOT; };
		BF027BE31B9FFF5800EA1443 /* SystemConfiguration.framework */ = {isa = PBXFileReference; lastKnownFileType = wrapper.framework; name = SystemConfiguration.framework; path = System/Library/Frameworks/SystemConfiguration.framework; sourceTree = SDKROOT; };
		BF027BE71BA0005B00EA1443 /* libz.1.dylib */ = {isa = PBXFileReference; lastKnownFileType = "compiled.mach-o.dylib"; name = libz.1.dylib; path = /usr/lib/libz.1.dylib; sourceTree = "<absolute>"; };
		BF027BE91BA0007E00EA1443 /* libsqlite3.dylib */ = {isa = PBXFileReference; lastKnownFileType = "compiled.mach-o.dylib"; name = libsqlite3.dylib; path = /usr/lib/libsqlite3.dylib; sourceTree = "<absolute>"; };
		BF5921A71B9F634000AA72FF /* LoginCheck.swift */ = {isa = PBXFileReference; fileEncoding = 4; lastKnownFileType = sourcecode.swift; path = LoginCheck.swift; sourceTree = "<group>"; };
/* End PBXFileReference section */

/* Begin PBXFrameworksBuildPhase section */
		3A8190861B8E2BC2003F1C7F /* Frameworks */ = {
			isa = PBXFrameworksBuildPhase;
			buildActionMask = 2147483647;
			files = (
				BF027BEA1BA0007E00EA1443 /* libsqlite3.dylib in Frameworks */,
				BF027BE81BA0005B00EA1443 /* libz.1.dylib in Frameworks */,
				BF027BE41B9FFF5800EA1443 /* SystemConfiguration.framework in Frameworks */,
				BF027BE21B9FFF4D00EA1443 /* StoreKit.framework in Frameworks */,
				BF027BE01B9FFF4400EA1443 /* Security.framework in Frameworks */,
				BF027BDE1B9FFF3900EA1443 /* QuartzCore.framework in Frameworks */,
				BF027BDC1B9FFF3000EA1443 /* CoreLocation.framework in Frameworks */,
				BF027BDA1B9FFF2000EA1443 /* CoreGraphics.framework in Frameworks */,
				BF027BD71B9FFF1600EA1443 /* AudioToolbox.framework in Frameworks */,
				BF027BD81B9FFF1600EA1443 /* CFNetwork.framework in Frameworks */,
				BF027BD31B9FFD8500EA1443 /* Bolts.framework in Frameworks */,
				BF027BD41B9FFD8500EA1443 /* Parse.framework in Frameworks */,
			);
			runOnlyForDeploymentPostprocessing = 0;
		};
/* End PBXFrameworksBuildPhase section */

/* Begin PBXGroup section */
		3A40DDA91B9634F40008D4A3 /* When Car is Docked */ = {
			isa = PBXGroup;
			children = (
				3A81908E1B8E2BC2003F1C7F /* CarDocked.swift */,
				3A8190A61B8E3316003F1C7F /* CarDetails.swift */,
				3A8190A71B8E3316003F1C7F /* CarDetails.xib */,
				3A8190A21B8E2C4C003F1C7F /* ChargingDetails.swift */,
				3A8190A31B8E2C4C003F1C7F /* ChargingDetails.xib */,
				3A0535D11B95022C0047E0A5 /* ConfirmAcceptRequest.swift */,
			);
			name = "When Car is Docked";
			sourceTree = "<group>";
		};
		3A40DDAA1B9635450008D4A3 /* When Car is Not Docked */ = {
			isa = PBXGroup;
			children = (
				3A40DDA71B962D630008D4A3 /* CarNotDocked.swift */,
				3A40DDA11A54C7DA0008D4A3 /* TimeRangeStart.swift */,
				3A40DDA31B9626F30008D4A3 /* TimeRangeEnd.swift */,
				3A40DDB11B9641740008D4A3 /* ConfirmTimeRange.swift */,
				3A40DDAB1B963C920008D4A3 /* SpotDetails.swift */,
				3A40DDB51B9660480008D4A3 /* RequestDetails.swift */,
			);
			name = "When Car is Not Docked";
			sourceTree = "<group>";
		};
		3A8190801B8E2BC2003F1C7F = {
			isa = PBXGroup;
			children = (
				BF027BEC1BA0027100EA1443 /* FrameWorks */,
				3A81908B1B8E2BC2003F1C7F /* eVALET */,
				3A81908A1B8E2BC2003F1C7F /* Products */,
			);
			sourceTree = "<group>";
		};
		3A81908A1B8E2BC2003F1C7F /* Products */ = {
			isa = PBXGroup;
			children = (
				3A8190891B8E2BC2003F1C7F /* eVALET.app */,
			);
			name = Products;
			sourceTree = "<group>";
		};
		3A81908B1B8E2BC2003F1C7F /* eVALET */ = {
			isa = PBXGroup;
			children = (
				BF027BC21B9FFA4C00EA1443 /* Controller */,
				3A81908C1B8E2BC2003F1C7F /* AppDelegate.swift */,
				3A8190901B8E2BC2003F1C7F /* Main.storyboard */,
				BF5921A71B9F634000AA72FF /* LoginCheck.swift */,
				3A9BC94E1B9789290032535D /* Sign Up/Login */,
				3A40DDA91B9634F40008D4A3 /* When Car is Docked */,
				3A40DDAA1B9635450008D4A3 /* When Car is Not Docked */,
				3A8190931B8E2BC2003F1C7F /* Assets.xcassets */,
				3A8190951B8E2BC2003F1C7F /* LaunchScreen.storyboard */,
				3A8190981B8E2BC2003F1C7F /* Info.plist */,
			);
			path = eVALET;
			sourceTree = "<group>";
		};
		3A9BC94E1B9789290032535D /* Sign Up/Login */ = {
			isa = PBXGroup;
			children = (
				3A9BC94F1B97896E0032535D /* SignUpPageOne.swift */,
				3AABD3481B97A33600D92D36 /* SignUpPageTwo.swift */,
				3AABD34A1B97AC3200D92D36 /* SignIn.swift */,
			);
			name = "Sign Up/Login";
			sourceTree = "<group>";
		};
		BF027BC21B9FFA4C00EA1443 /* Controller */ = {
			isa = PBXGroup;
			children = (
				840829821BA14E03001701AD /* Exchange.swift */,
				BF027BC31B9FFA7D00EA1443 /* Request.swift */,
				BF027BC51B9FFB5D00EA1443 /* Users.swift */,
				BF027BC71B9FFBA700EA1443 /* Car.swift */,
				BF027BC91B9FFBDA00EA1443 /* OccupiedSpace.swift */,
				BF027BCB1B9FFBF400EA1443 /* Station.swift */,
			);
			name = Controller;
			sourceTree = "<group>";
		};
		BF027BEC1BA0027100EA1443 /* FrameWorks */ = {
			isa = PBXGroup;
			children = (
				BF027BE91BA0007E00EA1443 /* libsqlite3.dylib */,
				BF027BE71BA0005B00EA1443 /* libz.1.dylib */,
				BF027BE31B9FFF5800EA1443 /* SystemConfiguration.framework */,
				BF027BE11B9FFF4D00EA1443 /* StoreKit.framework */,
				BF027BDF1B9FFF4400EA1443 /* Security.framework */,
				BF027BDD1B9FFF3900EA1443 /* QuartzCore.framework */,
				BF027BDB1B9FFF3000EA1443 /* CoreLocation.framework */,
				BF027BD91B9FFF2000EA1443 /* CoreGraphics.framework */,
				BF027BD51B9FFF1600EA1443 /* AudioToolbox.framework */,
				BF027BD61B9FFF1600EA1443 /* CFNetwork.framework */,
				BF027BD11B9FFD8500EA1443 /* Bolts.framework */,
				BF027BD21B9FFD8500EA1443 /* Parse.framework */,
			);
			name = FrameWorks;
			sourceTree = "<group>";
		};
/* End PBXGroup section */

/* Begin PBXNativeTarget section */
		3A8190881B8E2BC2003F1C7F /* eVALET */ = {
			isa = PBXNativeTarget;
			buildConfigurationList = 3A81909B1B8E2BC2003F1C7F /* Build configuration list for PBXNativeTarget "eVALET" */;
			buildPhases = (
				3A8190851B8E2BC2003F1C7F /* Sources */,
				3A8190861B8E2BC2003F1C7F /* Frameworks */,
				3A8190871B8E2BC2003F1C7F /* Resources */,
			);
			buildRules = (
			);
			dependencies = (
			);
			name = eVALET;
			productName = eVALET;
			productReference = 3A8190891B8E2BC2003F1C7F /* eVALET.app */;
			productType = "com.apple.product-type.application";
		};
/* End PBXNativeTarget section */

/* Begin PBXProject section */
		3A8190811B8E2BC2003F1C7F /* Project object */ = {
			isa = PBXProject;
			attributes = {
				LastUpgradeCheck = 0700;
				ORGANIZATIONNAME = "Drew Taylor";
				TargetAttributes = {
					3A8190881B8E2BC2003F1C7F = {
						CreatedOnToolsVersion = 7.0;
					};
				};
			};
			buildConfigurationList = 3A8190841B8E2BC2003F1C7F /* Build configuration list for PBXProject "eVALET" */;
			compatibilityVersion = "Xcode 3.2";
			developmentRegion = English;
			hasScannedForEncodings = 0;
			knownRegions = (
				en,
				Base,
			);
			mainGroup = 3A8190801B8E2BC2003F1C7F;
			productRefGroup = 3A81908A1B8E2BC2003F1C7F /* Products */;
			projectDirPath = "";
			projectRoot = "";
			targets = (
				3A8190881B8E2BC2003F1C7F /* eVALET */,
			);
		};
/* End PBXProject section */

/* Begin PBXResourcesBuildPhase section */
		3A8190871B8E2BC2003F1C7F /* Resources */ = {
			isa = PBXResourcesBuildPhase;
			buildActionMask = 2147483647;
			files = (
				3A8190971B8E2BC2003F1C7F /* LaunchScreen.storyboard in Resources */,
				3A8190A51B8E2C4C003F1C7F /* ChargingDetails.xib in Resources */,
				3A8190A91B8E3316003F1C7F /* CarDetails.xib in Resources */,
				3A8190941B8E2BC2003F1C7F /* Assets.xcassets in Resources */,
				3A8190921B8E2BC2003F1C7F /* Main.storyboard in Resources */,
			);
			runOnlyForDeploymentPostprocessing = 0;
		};
/* End PBXResourcesBuildPhase section */

/* Begin PBXSourcesBuildPhase section */
		3A8190851B8E2BC2003F1C7F /* Sources */ = {
			isa = PBXSourcesBuildPhase;
			buildActionMask = 2147483647;
			files = (
				3A40DDAC1B963C920008D4A3 /* SpotDetails.swift in Sources */,
				BF027BC41B9FFA7D00EA1443 /* Request.swift in Sources */,
				3A40DDA81B962D630008D4A3 /* CarNotDocked.swift in Sources */,
				3A0535D21B95022C0047E0A5 /* ConfirmAcceptRequest.swift in Sources */,
				BF5921A81B9F634000AA72FF /* LoginCheck.swift in Sources */,
				3AABD3491B97A33600D92D36 /* SignUpPageTwo.swift in Sources */,
				BF027BCC1B9FFBF400EA1443 /* Station.swift in Sources */,
				3A8190A41B8E2C4C003F1C7F /* ChargingDetails.swift in Sources */,
				3A40DDB21B9641740008D4A3 /* ConfirmTimeRange.swift in Sources */,
				3AABD34B1B97AC3200D92D36 /* SignIn.swift in Sources */,
				BF027BC61B9FFB5D00EA1443 /* Users.swift in Sources */,
				3A40DDB61B9660480008D4A3 /* RequestDetails.swift in Sources */,
				3A9BC9501B97896E0032535D /* SignUpPageOne.swift in Sources */,
				3A81908F1B8E2BC2003F1C7F /* CarDocked.swift in Sources */,
				BF027BCA1B9FFBDA00EA1443 /* OccupiedSpace.swift in Sources */,
				840829851BA14E03001701AD /* Exchange.swift in Sources */,
				3A40DDA41B9626F30008D4A3 /* TimeRangeEnd.swift in Sources */,
				BF027BC81B9FFBA700EA1443 /* Car.swift in Sources */,
				3A81908D1B8E2BC2003F1C7F /* AppDelegate.swift in Sources */,
				3A8190A81B8E3316003F1C7F /* CarDetails.swift in Sources */,
				3A40DDA21A54C7DA0008D4A3 /* TimeRangeStart.swift in Sources */,
			);
			runOnlyForDeploymentPostprocessing = 0;
		};
/* End PBXSourcesBuildPhase section */

/* Begin PBXVariantGroup section */
		3A8190901B8E2BC2003F1C7F /* Main.storyboard */ = {
			isa = PBXVariantGroup;
			children = (
				3A8190911B8E2BC2003F1C7F /* Base */,
			);
			name = Main.storyboard;
			sourceTree = "<group>";
		};
		3A8190951B8E2BC2003F1C7F /* LaunchScreen.storyboard */ = {
			isa = PBXVariantGroup;
			children = (
				3A8190961B8E2BC2003F1C7F /* Base */,
			);
			name = LaunchScreen.storyboard;
			sourceTree = "<group>";
		};
/* End PBXVariantGroup section */

/* Begin XCBuildConfiguration section */
		3A8190991B8E2BC2003F1C7F /* Debug */ = {
			isa = XCBuildConfiguration;
			buildSettings = {
				ALWAYS_SEARCH_USER_PATHS = NO;
				CLANG_CXX_LANGUAGE_STANDARD = "gnu++0x";
				CLANG_CXX_LIBRARY = "libc++";
				CLANG_ENABLE_MODULES = YES;
				CLANG_ENABLE_OBJC_ARC = YES;
				CLANG_WARN_BOOL_CONVERSION = YES;
				CLANG_WARN_CONSTANT_CONVERSION = YES;
				CLANG_WARN_DIRECT_OBJC_ISA_USAGE = YES_ERROR;
				CLANG_WARN_EMPTY_BODY = YES;
				CLANG_WARN_ENUM_CONVERSION = YES;
				CLANG_WARN_INT_CONVERSION = YES;
				CLANG_WARN_OBJC_ROOT_CLASS = YES_ERROR;
				CLANG_WARN_UNREACHABLE_CODE = YES;
				CLANG_WARN__DUPLICATE_METHOD_MATCH = YES;
				"CODE_SIGN_IDENTITY[sdk=iphoneos*]" = "iPhone Developer";
				COPY_PHASE_STRIP = NO;
				DEBUG_INFORMATION_FORMAT = dwarf;
				ENABLE_BITCODE = NO;
				ENABLE_STRICT_OBJC_MSGSEND = YES;
				ENABLE_TESTABILITY = YES;
				GCC_C_LANGUAGE_STANDARD = gnu99;
				GCC_DYNAMIC_NO_PIC = NO;
				GCC_NO_COMMON_BLOCKS = YES;
				GCC_OPTIMIZATION_LEVEL = 0;
				GCC_PREPROCESSOR_DEFINITIONS = (
					"DEBUG=1",
					"$(inherited)",
				);
				GCC_WARN_64_TO_32_BIT_CONVERSION = YES;
				GCC_WARN_ABOUT_RETURN_TYPE = YES_ERROR;
				GCC_WARN_UNDECLARED_SELECTOR = YES;
				GCC_WARN_UNINITIALIZED_AUTOS = YES_AGGRESSIVE;
				GCC_WARN_UNUSED_FUNCTION = YES;
				GCC_WARN_UNUSED_VARIABLE = YES;
				IPHONEOS_DEPLOYMENT_TARGET = 9.0;
				MTL_ENABLE_DEBUG_INFO = YES;
				ONLY_ACTIVE_ARCH = YES;
				SDKROOT = iphoneos;
				SWIFT_OPTIMIZATION_LEVEL = "-Onone";
			};
			name = Debug;
		};
		3A81909A1B8E2BC2003F1C7F /* Release */ = {
			isa = XCBuildConfiguration;
			buildSettings = {
				ALWAYS_SEARCH_USER_PATHS = NO;
				CLANG_CXX_LANGUAGE_STANDARD = "gnu++0x";
				CLANG_CXX_LIBRARY = "libc++";
				CLANG_ENABLE_MODULES = YES;
				CLANG_ENABLE_OBJC_ARC = YES;
				CLANG_WARN_BOOL_CONVERSION = YES;
				CLANG_WARN_CONSTANT_CONVERSION = YES;
				CLANG_WARN_DIRECT_OBJC_ISA_USAGE = YES_ERROR;
				CLANG_WARN_EMPTY_BODY = YES;
				CLANG_WARN_ENUM_CONVERSION = YES;
				CLANG_WARN_INT_CONVERSION = YES;
				CLANG_WARN_OBJC_ROOT_CLASS = YES_ERROR;
				CLANG_WARN_UNREACHABLE_CODE = YES;
				CLANG_WARN__DUPLICATE_METHOD_MATCH = YES;
				"CODE_SIGN_IDENTITY[sdk=iphoneos*]" = "iPhone Developer";
				COPY_PHASE_STRIP = NO;
				DEBUG_INFORMATION_FORMAT = "dwarf-with-dsym";
				ENABLE_BITCODE = NO;
				ENABLE_NS_ASSERTIONS = NO;
				ENABLE_STRICT_OBJC_MSGSEND = YES;
				GCC_C_LANGUAGE_STANDARD = gnu99;
				GCC_NO_COMMON_BLOCKS = YES;
				GCC_WARN_64_TO_32_BIT_CONVERSION = YES;
				GCC_WARN_ABOUT_RETURN_TYPE = YES_ERROR;
				GCC_WARN_UNDECLARED_SELECTOR = YES;
				GCC_WARN_UNINITIALIZED_AUTOS = YES_AGGRESSIVE;
				GCC_WARN_UNUSED_FUNCTION = YES;
				GCC_WARN_UNUSED_VARIABLE = YES;
				IPHONEOS_DEPLOYMENT_TARGET = 9.0;
				MTL_ENABLE_DEBUG_INFO = NO;
				SDKROOT = iphoneos;
				VALIDATE_PRODUCT = YES;
			};
			name = Release;
		};
		3A81909C1B8E2BC2003F1C7F /* Debug */ = {
			isa = XCBuildConfiguration;
			buildSettings = {
				ASSETCATALOG_COMPILER_APPICON_NAME = AppIcon;
				ASSETCATALOG_COMPILER_LAUNCHIMAGE_NAME = LaunchImage;
				FRAMEWORK_SEARCH_PATHS = (
					"$(inherited)",
					"$(PROJECT_DIR)",
				);
				INFOPLIST_FILE = eVALET/Info.plist;
				IPHONEOS_DEPLOYMENT_TARGET = 7.0;
				LD_RUNPATH_SEARCH_PATHS = "$(inherited) @executable_path/Frameworks";
				PRODUCT_BUNDLE_IDENTIFIER = edu.DrewTaylor.eVALET;
				PRODUCT_NAME = "$(TARGET_NAME)";
				TARGETED_DEVICE_FAMILY = 1;
			};
			name = Debug;
		};
		3A81909D1B8E2BC2003F1C7F /* Release */ = {
			isa = XCBuildConfiguration;
			buildSettings = {
				ASSETCATALOG_COMPILER_APPICON_NAME = AppIcon;
				ASSETCATALOG_COMPILER_LAUNCHIMAGE_NAME = LaunchImage;
				FRAMEWORK_SEARCH_PATHS = (
					"$(inherited)",
					"$(PROJECT_DIR)",
				);
				INFOPLIST_FILE = eVALET/Info.plist;
				IPHONEOS_DEPLOYMENT_TARGET = 7.0;
				LD_RUNPATH_SEARCH_PATHS = "$(inherited) @executable_path/Frameworks";
				PRODUCT_BUNDLE_IDENTIFIER = edu.DrewTaylor.eVALET;
				PRODUCT_NAME = "$(TARGET_NAME)";
				TARGETED_DEVICE_FAMILY = 1;
			};
			name = Release;
		};
/* End XCBuildConfiguration section */

/* Begin XCConfigurationList section */
		3A8190841B8E2BC2003F1C7F /* Build configuration list for PBXProject "eVALET" */ = {
			isa = XCConfigurationList;
			buildConfigurations = (
				3A8190991B8E2BC2003F1C7F /* Debug */,
				3A81909A1B8E2BC2003F1C7F /* Release */,
			);
			defaultConfigurationIsVisible = 0;
			defaultConfigurationName = Release;
		};
		3A81909B1B8E2BC2003F1C7F /* Build configuration list for PBXNativeTarget "eVALET" */ = {
			isa = XCConfigurationList;
			buildConfigurations = (
				3A81909C1B8E2BC2003F1C7F /* Debug */,
				3A81909D1B8E2BC2003F1C7F /* Release */,
			);
			defaultConfigurationIsVisible = 0;
			defaultConfigurationName = Release;
		};
/* End XCConfigurationList section */
	};
	rootObject = 3A8190811B8E2BC2003F1C7F /* Project object */;
}
